
Microsoft Visual Studio Solution File, Format Version 12.00
# Visual Studio Version 17
VisualStudioVersion = 17.2.32602.215
MinimumVisualStudioVersion = 10.0.40219.1
Project("{FAE04EC0-301F-11D3-BF4B-00C04F79EFBC}") = "AccountTransferProject", "AccountTransferProject\AccountTransferProject.csproj", "{7822BAA3-F80F-47B3-B37A-822BDB235A9C}"
EndProject
Project("{FAE04EC0-301F-11D3-BF4B-00C04F79EFBC}") = "AccountTransfer.Domain", "AccountTransferProject\AccountTransfer.Domain\AccountTransfer.Domain\AccountTransfer.Domain.csproj", "{F9807688-D0B7-471C-880F-455AB76C0BDD}"
EndProject
Project("{FAE04EC0-301F-11D3-BF4B-00C04F79EFBC}") = "AccountTransfer.Api", "AccountTransfer.Api\AccountTransfer.Api\AccountTransfer.Api.csproj", "{B0DDC2B1-AB2E-4284-BF7C-7E9F74E41CEE}"
EndProject
Global
	GlobalSection(SolutionConfigurationPlatforms) = preSolution
		Debug|Any CPU = Debug|Any CPU
		Release|Any CPU = Release|Any CPU
	EndGlobalSection
	GlobalSection(ProjectConfigurationPlatforms) = postSolution
		{7822BAA3-F80F-47B3-B37A-822BDB235A9C}.Debug|Any CPU.ActiveCfg = Debug|Any CPU
		{7822BAA3-F80F-47B3-B37A-822BDB235A9C}.Debug|Any CPU.Build.0 = Debug|Any CPU
		{7822BAA3-F80F-47B3-B37A-822BDB235A9C}.Release|Any CPU.ActiveCfg = Release|Any CPU
		{7822BAA3-F80F-47B3-B37A-822BDB235A9C}.Release|Any CPU.Build.0 = Release|Any CPU
		{F9807688-D0B7-471C-880F-455AB76C0BDD}.Debug|Any CPU.ActiveCfg = Debug|Any CPU
		{F9807688-D0B7-471C-880F-455AB76C0BDD}.Debug|Any CPU.Build.0 = Debug|Any CPU
		{F9807688-D0B7-471C-880F-455AB76C0BDD}.Release|Any CPU.ActiveCfg = Release|Any CPU
		{F9807688-D0B7-471C-880F-455AB76C0BDD}.Release|Any CPU.Build.0 = Release|Any CPU
		{B0DDC2B1-AB2E-4284-BF7C-7E9F74E41CEE}.Debug|Any CPU.ActiveCfg = Debug|Any CPU
		{B0DDC2B1-AB2E-4284-BF7C-7E9F74E41CEE}.Debug|Any CPU.Build.0 = Debug|Any CPU
		{B0DDC2B1-AB2E-4284-BF7C-7E9F74E41CEE}.Release|Any CPU.ActiveCfg = Release|Any CPU
		{B0DDC2B1-AB2E-4284-BF7C-7E9F74E41CEE}.Release|Any CPU.Build.0 = Release|Any CPU
	EndGlobalSection
	GlobalSection(SolutionProperties) = preSolution
		HideSolutionNode = FALSE
	EndGlobalSection
	GlobalSection(ExtensibilityGlobals) = postSolution
		SolutionGuid = {4538E3C5-0E72-4D33-9E23-DCC50D70D1A6}
	EndGlobalSection
EndGlobal
